// !$*UTF8*$!
{
	archiveVersion = 1;
	classes = {
	};
	objectVersion = 50;
	objects = {

/* Begin PBXBuildFile section */
		949DE2B22513EC7500B1FAFC /* AppDelegate.swift in Sources */ = {isa = PBXBuildFile; fileRef = 949DE2B12513EC7500B1FAFC /* AppDelegate.swift */; };
		949DE2B42513EC7500B1FAFC /* SceneDelegate.swift in Sources */ = {isa = PBXBuildFile; fileRef = 949DE2B32513EC7500B1FAFC /* SceneDelegate.swift */; };
		949DE2B92513EC7500B1FAFC /* Main.storyboard in Resources */ = {isa = PBXBuildFile; fileRef = 949DE2B72513EC7500B1FAFC /* Main.storyboard */; };
		949DE2BB2513EC7500B1FAFC /* Assets.xcassets in Resources */ = {isa = PBXBuildFile; fileRef = 949DE2BA2513EC7500B1FAFC /* Assets.xcassets */; };
		949DE2BE2513EC7500B1FAFC /* LaunchScreen.storyboard in Resources */ = {isa = PBXBuildFile; fileRef = 949DE2BC2513EC7500B1FAFC /* LaunchScreen.storyboard */; };
		949DE2C82513EF4D00B1FAFC /* SettingTableViewController.swift in Sources */ = {isa = PBXBuildFile; fileRef = 949DE2C72513EF4D00B1FAFC /* SettingTableViewController.swift */; };
		949DE2CB2513EF9700B1FAFC /* ChangeSettingTableViewController.swift in Sources */ = {isa = PBXBuildFile; fileRef = 949DE2CA2513EF9700B1FAFC /* ChangeSettingTableViewController.swift */; };
/* End PBXBuildFile section */

/* Begin PBXFileReference section */
		949DE2AE2513EC7500B1FAFC /* UnwindSegueDemo.app */ = {isa = PBXFileReference; explicitFileType = wrapper.application; includeInIndex = 0; path = UnwindSegueDemo.app; sourceTree = BUILT_PRODUCTS_DIR; };
		949DE2B12513EC7500B1FAFC /* AppDelegate.swift */ = {isa = PBXFileReference; lastKnownFileType = sourcecode.swift; path = AppDelegate.swift; sourceTree = "<group>"; };
		949DE2B32513EC7500B1FAFC /* SceneDelegate.swift */ = {isa = PBXFileReference; lastKnownFileType = sourcecode.swift; path = SceneDelegate.swift; sourceTree = "<group>"; };
		949DE2B82513EC7500B1FAFC /* Base */ = {isa = PBXFileReference; lastKnownFileType = file.storyboard; name = Base; path = Base.lproj/Main.storyboard; sourceTree = "<group>"; };
		949DE2BA2513EC7500B1FAFC /* Assets.xcassets */ = {isa = PBXFileReference; lastKnownFileType = folder.assetcatalog; path = Assets.xcassets; sourceTree = "<group>"; };
		949DE2BD2513EC7500B1FAFC /* Base */ = {isa = PBXFileReference; lastKnownFileType = file.storyboard; name = Base; path = Base.lproj/LaunchScreen.storyboard; sourceTree = "<group>"; };
		949DE2BF2513EC7500B1FAFC /* Info.plist */ = {isa = PBXFileReference; lastKnownFileType = text.plist.xml; path = Info.plist; sourceTree = "<group>"; };
		949DE2C72513EF4D00B1FAFC /* SettingTableViewController.swift */ = {isa = PBXFileReference; lastKnownFileType = sourcecode.swift; path = SettingTableViewController.swift; sourceTree = "<group>"; };
		949DE2CA2513EF9700B1FAFC /* ChangeSettingTableViewController.swift */ = {isa = PBXFileReference; lastKnownFileType = sourcecode.swift; path = ChangeSettingTableViewController.swift; sourceTree = "<group>"; };
/* End PBXFileReference section */

/* Begin PBXFrameworksBuildPhase section */
		949DE2AB2513EC7500B1FAFC /* Frameworks */ = {
			isa = PBXFrameworksBuildPhase;
			buildActionMask = 2147483647;
			files = (
			);
			runOnlyForDeploymentPostprocessing = 0;
		};
/* End PBXFrameworksBuildPhase section */

/* Begin PBXGroup section */
		949DE2A52513EC7500B1FAFC = {
			isa = PBXGroup;
			children = (
				949DE2B02513EC7500B1FAFC /* UnwindSegueDemo */,
				949DE2AF2513EC7500B1FAFC /* Products */,
			);
			sourceTree = "<group>";
		};
		949DE2AF2513EC7500B1FAFC /* Products */ = {
			isa = PBXGroup;
			children = (
				949DE2AE2513EC7500B1FAFC /* UnwindSegueDemo.app */,
			);
			name = Products;
			sourceTree = "<group>";
		};
		949DE2B02513EC7500B1FAFC /* UnwindSegueDemo */ = {
			isa = PBXGroup;
			children = (
				949DE2B12513EC7500B1FAFC /* AppDelegate.swift */,
				949DE2B32513EC7500B1FAFC /* SceneDelegate.swift */,
				949DE2B72513EC7500B1FAFC /* Main.storyboard */,
				949DE2CA2513EF9700B1FAFC /* ChangeSettingTableViewController.swift */,
				949DE2C72513EF4D00B1FAFC /* SettingTableViewController.swift */,
				949DE2BA2513EC7500B1FAFC /* Assets.xcassets */,
				949DE2BC2513EC7500B1FAFC /* LaunchScreen.storyboard */,
				949DE2BF2513EC7500B1FAFC /* Info.plist */,
			);
			path = UnwindSegueDemo;
			sourceTree = "<group>";
		};
/* End PBXGroup section */

/* Begin PBXNativeTarget section */
		949DE2AD2513EC7500B1FAFC /* UnwindSegueDemo */ = {
			isa = PBXNativeTarget;
			buildConfigurationList = 949DE2C22513EC7500B1FAFC /* Build configuration list for PBXNativeTarget "UnwindSegueDemo" */;
			buildPhases = (
				949DE2AA2513EC7500B1FAFC /* Sources */,
				949DE2AB2513EC7500B1FAFC /* Frameworks */,
				949DE2AC2513EC7500B1FAFC /* Resources */,
			);
			buildRules = (
			);
			dependencies = (
			);
			name = UnwindSegueDemo;
			productName = UnwindSegueDemo;
			productReference = 949DE2AE2513EC7500B1FAFC /* UnwindSegueDemo.app */;
			productType = "com.apple.product-type.application";
		};
/* End PBXNativeTarget section */

/* Begin PBXProject section */
		949DE2A62513EC7500B1FAFC /* Project object */ = {
			isa = PBXProject;
			attributes = {
				LastSwiftUpdateCheck = 1200;
				LastUpgradeCheck = 1200;
				TargetAttributes = {
					949DE2AD2513EC7500B1FAFC = {
						CreatedOnToolsVersion = 12.0;
					};
				};
			};
			buildConfigurationList = 949DE2A92513EC7500B1FAFC /* Build configuration list for PBXProject "UnwindSegueDemo" */;
			compatibilityVersion = "Xcode 9.3";
			developmentRegion = en;
			hasScannedForEncodings = 0;
			knownRegions = (
				en,
				Base,
			);
			mainGroup = 949DE2A52513EC7500B1FAFC;
			productRefGroup = 949DE2AF2513EC7500B1FAFC /* Products */;
			projectDirPath = "";
			projectRoot = "";
			targets = (
				949DE2AD2513EC7500B1FAFC /* UnwindSegueDemo */,
			);
		};
/* End PBXProject section */

/* Begin PBXResourcesBuildPhase section */
		949DE2AC2513EC7500B1FAFC /* Resources */ = {
			isa = PBXResourcesBuildPhase;
			buildActionMask = 2147483647;
			files = (
				949DE2BE2513EC7500B1FAFC /* LaunchScreen.storyboard in Resources */,
				949DE2BB2513EC7500B1FAFC /* Assets.xcassets in Resources */,
				949DE2B92513EC7500B1FAFC /* Main.storyboard in Resources */,
			);
			runOnlyForDeploymentPostprocessing = 0;
		};
/* End PBXResourcesBuildPhase section */

/* Begin PBXSourcesBuildPhase section */
		949DE2AA2513EC7500B1FAFC /* Sources */ = {
			isa = PBXSourcesBuildPhase;
			buildActionMask = 2147483647;
			files = (
				949DE2CB2513EF9700B1FAFC /* ChangeSettingTableViewController.swift in Sources */,
				949DE2C82513EF4D00B1FAFC /* SettingTableViewController.swift in Sources */,
				949DE2B22513EC7500B1FAFC /* AppDelegate.swift in Sources */,
				949DE2B42513EC7500B1FAFC /* SceneDelegate.swift in Sources */,
			);
			runOnlyForDeploymentPostprocessing = 0;
		};
/* End PBXSourcesBuildPhase section */

/* Begin PBXVariantGroup section */
		949DE2B72513EC7500B1FAFC /* Main.storyboard */ = {
			isa = PBXVariantGroup;
			children = (
				949DE2B82513EC7500B1FAFC /* Base */,
			);
			name = Main.storyboard;
			sourceTree = "<group>";
		};
		949DE2BC2513EC7500B1FAFC /* LaunchScreen.storyboard */ = {
			isa = PBXVariantGroup;
			children = (
				949DE2BD2513EC7500B1FAFC /* Base */,
			);
			name = LaunchScreen.storyboard;
			sourceTree = "<group>";
		};
/* End PBXVariantGroup section */

/* Begin XCBuildConfiguration section */
		949DE2C02513EC7500B1FAFC /* Debug */ = {
			isa = XCBuildConfiguration;
			buildSettings = {
				ALWAYS_SEARCH_USER_PATHS = NO;
				CLANG_ANALYZER_NONNULL = YES;
				CLANG_ANALYZER_NUMBER_OBJECT_CONVERSION = YES_AGGRESSIVE;
				CLANG_CXX_LANGUAGE_STANDARD = "gnu++14";
				CLANG_CXX_LIBRARY = "libc++";
				CLANG_ENABLE_MODULES = YES;
				CLANG_ENABLE_OBJC_ARC = YES;
				CLANG_ENABLE_OBJC_WEAK = YES;
				CLANG_WARN_BLOCK_CAPTURE_AUTORELEASING = YES;
				CLANG_WARN_BOOL_CONVERSION = YES;
				CLANG_WARN_COMMA = YES;
				CLANG_WARN_CONSTANT_CONVERSION = YES;
				CLANG_WARN_DEPRECATED_OBJC_IMPLEMENTATIONS = YES;
				CLANG_WARN_DIRECT_OBJC_ISA_USAGE = YES_ERROR;
				CLANG_WARN_DOCUMENTATION_COMMENTS = YES;
				CLANG_WARN_EMPTY_BODY = YES;
				CLANG_WARN_ENUM_CONVERSION = YES;
				CLANG_WARN_INFINITE_RECURSION = YES;
				CLANG_WARN_INT_CONVERSION = YES;
				CLANG_WARN_NON_LITERAL_NULL_CONVERSION = YES;
				CLANG_WARN_OBJC_IMPLICIT_RETAIN_SELF = YES;
				CLANG_WARN_OBJC_LITERAL_CONVERSION = YES;
				CLANG_WARN_OBJC_ROOT_CLASS = YES_ERROR;
				CLANG_WARN_QUOTED_INCLUDE_IN_FRAMEWORK_HEADER = YES;
				CLANG_WARN_RANGE_LOOP_ANALYSIS = YES;
				CLANG_WARN_STRICT_PROTOTYPES = YES;
				CLANG_WARN_SUSPICIOUS_MOVE = YES;
				CLANG_WARN_UNGUARDED_AVAILABILITY = YES_AGGRESSIVE;
				CLANG_WARN_UNREACHABLE_CODE = YES;
				CLANG_WARN__DUPLICATE_METHOD_MATCH = YES;
				COPY_PHASE_STRIP = NO;
				DEBUG_INFORMATION_FORMAT = dwarf;
				ENABLE_STRICT_OBJC_MSGSEND = YES;
				ENABLE_TESTABILITY = YES;
				GCC_C_LANGUAGE_STANDARD = gnu11;
				GCC_DYNAMIC_NO_PIC = NO;
				GCC_NO_COMMON_BLOCKS = YES;
				GCC_OPTIMIZATION_LEVEL = 0;
				GCC_PREPROCESSOR_DEFINITIONS = (
					"DEBUG=1",
					"$(inherited)",
				);
				GCC_WARN_64_TO_32_BIT_CONVERSION = YES;
				GCC_WARN_ABOUT_RETURN_TYPE = YES_ERROR;
				GCC_WARN_UNDECLARED_SELECTOR = YES;
				GCC_WARN_UNINITIALIZED_AUTOS = YES_AGGRESSIVE;
				GCC_WARN_UNUSED_FUNCTION = YES;
				GCC_WARN_UNUSED_VARIABLE = YES;
				IPHONEOS_DEPLOYMENT_TARGET = 14.0;
				MTL_ENABLE_DEBUG_INFO = INCLUDE_SOURCE;
				MTL_FAST_MATH = YES;
				ONLY_ACTIVE_ARCH = YES;
				SDKROOT = iphoneos;
				SWIFT_ACTIVE_COMPILATION_CONDITIONS = DEBUG;
				SWIFT_OPTIMIZATION_LEVEL = "-Onone";
			};
			name = Debug;
		};
		949DE2C12513EC7500B1FAFC /* Release */ = {
			isa = XCBuildConfiguration;
			buildSettings = {
				ALWAYS_SEARCH_USER_PATHS = NO;
				CLANG_ANALYZER_NONNULL = YES;
				CLANG_ANALYZER_NUMBER_OBJECT_CONVERSION = YES_AGGRESSIVE;
				CLANG_CXX_LANGUAGE_STANDARD = "gnu++14";
				CLANG_CXX_LIBRARY = "libc++";
				CLANG_ENABLE_MODULES = YES;
				CLANG_ENABLE_OBJC_ARC = YES;
				CLANG_ENABLE_OBJC_WEAK = YES;
				CLANG_WARN_BLOCK_CAPTURE_AUTORELEASING = YES;
				CLANG_WARN_BOOL_CONVERSION = YES;
				CLANG_WARN_COMMA = YES;
				CLANG_WARN_CONSTANT_CONVERSION = YES;
				CLANG_WARN_DEPRECATED_OBJC_IMPLEMENTATIONS = YES;
				CLANG_WARN_DIRECT_OBJC_ISA_USAGE = YES_ERROR;
				CLANG_WARN_DOCUMENTATION_COMMENTS = YES;
				CLANG_WARN_EMPTY_BODY = YES;
				CLANG_WARN_ENUM_CONVERSION = YES;
				CLANG_WARN_INFINITE_RECURSION = YES;
				CLANG_WARN_INT_CONVERSION = YES;
				CLANG_WARN_NON_LITERAL_NULL_CONVERSION = YES;
				CLANG_WARN_OBJC_IMPLICIT_RETAIN_SELF = YES;
				CLANG_WARN_OBJC_LITERAL_CONVERSION = YES;
				CLANG_WARN_OBJC_ROOT_CLASS = YES_ERROR;
				CLANG_WARN_QUOTED_INCLUDE_IN_FRAMEWORK_HEADER = YES;
				CLANG_WARN_RANGE_LOOP_ANALYSIS = YES;
				CLANG_WARN_STRICT_PROTOTYPES = YES;
				CLANG_WARN_SUSPICIOUS_MOVE = YES;
				CLANG_WARN_UNGUARDED_AVAILABILITY = YES_AGGRESSIVE;
				CLANG_WARN_UNREACHABLE_CODE = YES;
				CLANG_WARN__DUPLICATE_METHOD_MATCH = YES;
				COPY_PHASE_STRIP = NO;
				DEBUG_INFORMATION_FORMAT = "dwarf-with-dsym";
				ENABLE_NS_ASSERTIONS = NO;
				ENABLE_STRICT_OBJC_MSGSEND = YES;
				GCC_C_LANGUAGE_STANDARD = gnu11;
				GCC_NO_COMMON_BLOCKS = YES;
				GCC_WARN_64_TO_32_BIT_CONVERSION = YES;
				GCC_WARN_ABOUT_RETURN_TYPE = YES_ERROR;
				GCC_WARN_UNDECLARED_SELECTOR = YES;
				GCC_WARN_UNINITIALIZED_AUTOS = YES_AGGRESSIVE;
				GCC_WARN_UNUSED_FUNCTION = YES;
				GCC_WARN_UNUSED_VARIABLE = YES;
				IPHONEOS_DEPLOYMENT_TARGET = 14.0;
				MTL_ENABLE_DEBUG_INFO = NO;
				MTL_FAST_MATH = YES;
				SDKROOT = iphoneos;
				SWIFT_COMPILATION_MODE = wholemodule;
				SWIFT_OPTIMIZATION_LEVEL = "-O";
				VALIDATE_PRODUCT = YES;
			};
			name = Release;
		};
		949DE2C32513EC7500B1FAFC /* Debug */ = {
			isa = XCBuildConfiguration;
			buildSettings = {
				ASSETCATALOG_COMPILER_APPICON_NAME = AppIcon;
				ASSETCATALOG_COMPILER_GLOBAL_ACCENT_COLOR_NAME = AccentColor;
				CODE_SIGN_STYLE = Automatic;
				DEVELOPMENT_TEAM = UPK86GDCC2;
				INFOPLIST_FILE = UnwindSegueDemo/Info.plist;
				LD_RUNPATH_SEARCH_PATHS = (
					"$(inherited)",
					"@executable_path/Frameworks",
				);
				PRODUCT_BUNDLE_IDENTIFIER = com.Skylar.UnwindSegueDemo;
				PRODUCT_NAME = "$(TARGET_NAME)";
				SWIFT_VERSION = 5.0;
				TARGETED_DEVICE_FAMILY = "1,2";
			};
			name = Debug;
		};
		949DE2C42513EC7500B1FAFC /* Release */ = {
			isa = XCBuildConfiguration;
			buildSettings = {
				ASSETCATALOG_COMPILER_APPICON_NAME = AppIcon;
				ASSETCATALOG_COMPILER_GLOBAL_ACCENT_COLOR_NAME = AccentColor;
				CODE_SIGN_STYLE = Automatic;
				DEVELOPMENT_TEAM = UPK86GDCC2;
				INFOPLIST_FILE = UnwindSegueDemo/Info.plist;
				LD_RUNPATH_SEARCH_PATHS = (
					"$(inherited)",
					"@executable_path/Frameworks",
				);
				PRODUCT_BUNDLE_IDENTIFIER = com.Skylar.UnwindSegueDemo;
				PRODUCT_NAME = "$(TARGET_NAME)";
				SWIFT_VERSION = 5.0;
				TARGETED_DEVICE_FAMILY = "1,2";
			};
			name = Release;
		};
/* End XCBuildConfiguration section */

/* Begin XCConfigurationList section */
		949DE2A92513EC7500B1FAFC /* Build configuration list for PBXProject "UnwindSegueDemo" */ = {
			isa = XCConfigurationList;
			buildConfigurations = (
				949DE2C02513EC7500B1FAFC /* Debug */,
				949DE2C12513EC7500B1FAFC /* Release */,
			);
			defaultConfigurationIsVisible = 0;
			defaultConfigurationName = Release;
		};
		949DE2C22513EC7500B1FAFC /* Build configuration list for PBXNativeTarget "UnwindSegueDemo" */ = {
			isa = XCConfigurationList;
			buildConfigurations = (
				949DE2C32513EC7500B1FAFC /* Debug */,
				949DE2C42513EC7500B1FAFC /* Release */,
			);
			defaultConfigurationIsVisible = 0;
			defaultConfigurationName = Release;
		};
/* End XCConfigurationList section */
	};
	rootObject = 949DE2A62513EC7500B1FAFC /* Project object */;
}
